// !$*UTF8*$!
{
	archiveVersion = 1;
	classes = {
	};
	objectVersion = 46;
	objects = {

/* Begin PBXBuildFile section */
		CE5FF92B1EC9C2AF00191F4E /* main.m in Sources */ = {isa = PBXBuildFile; fileRef = CE5FF92A1EC9C2AF00191F4E /* main.m */; };
		CE5FF92E1EC9C2AF00191F4E /* AppDelegate.m in Sources */ = {isa = PBXBuildFile; fileRef = CE5FF92D1EC9C2AF00191F4E /* AppDelegate.m */; };
		CE5FF9311EC9C2AF00191F4E /* ViewController.m in Sources */ = {isa = PBXBuildFile; fileRef = CE5FF9301EC9C2AF00191F4E /* ViewController.m */; };
		CE5FF9341EC9C2AF00191F4E /* Main.storyboard in Resources */ = {isa = PBXBuildFile; fileRef = CE5FF9321EC9C2AF00191F4E /* Main.storyboard */; };
		CE5FF9361EC9C2AF00191F4E /* Assets.xcassets in Resources */ = {isa = PBXBuildFile; fileRef = CE5FF9351EC9C2AF00191F4E /* Assets.xcassets */; };
		CE5FF9391EC9C2AF00191F4E /* LaunchScreen.storyboard in Resources */ = {isa = PBXBuildFile; fileRef = CE5FF9371EC9C2AF00191F4E /* LaunchScreen.storyboard */; };
		CE5FF9441EC9C2AF00191F4E /* ProtolBuffTests.m in Sources */ = {isa = PBXBuildFile; fileRef = CE5FF9431EC9C2AF00191F4E /* ProtolBuffTests.m */; };
		CE5FF94F1EC9C2AF00191F4E /* ProtolBuffUITests.m in Sources */ = {isa = PBXBuildFile; fileRef = CE5FF94E1EC9C2AF00191F4E /* ProtolBuffUITests.m */; };
		CE5FF9A11EC9C2D300191F4E /* GPBExtensionInternals.m in Sources */ = {isa = PBXBuildFile; fileRef = CE5FF95E1EC9C2D300191F4E /* GPBExtensionInternals.m */; settings = {COMPILER_FLAGS = "-fno-objc-arc"; }; };
		CE5FF9A21EC9C2D300191F4E /* GPBExtensionRegistry.m in Sources */ = {isa = PBXBuildFile; fileRef = CE5FF9601EC9C2D300191F4E /* GPBExtensionRegistry.m */; settings = {COMPILER_FLAGS = "-fno-objc-arc"; }; };
		CE5FF9A31EC9C2D300191F4E /* GPBRootObject.m in Sources */ = {isa = PBXBuildFile; fileRef = CE5FF9621EC9C2D300191F4E /* GPBRootObject.m */; settings = {COMPILER_FLAGS = "-fno-objc-arc"; }; };
		CE5FF9A41EC9C2D300191F4E /* GPBUnknownField.m in Sources */ = {isa = PBXBuildFile; fileRef = CE5FF9661EC9C2D300191F4E /* GPBUnknownField.m */; settings = {COMPILER_FLAGS = "-fno-objc-arc"; }; };
		CE5FF9A51EC9C2D300191F4E /* GPBUnknownFieldSet.m in Sources */ = {isa = PBXBuildFile; fileRef = CE5FF9691EC9C2D300191F4E /* GPBUnknownFieldSet.m */; settings = {COMPILER_FLAGS = "-fno-objc-arc"; }; };
		CE5FF9A61EC9C2D300191F4E /* Any.pbobjc.m in Sources */ = {isa = PBXBuildFile; fileRef = CE5FF96D1EC9C2D300191F4E /* Any.pbobjc.m */; settings = {COMPILER_FLAGS = "-fno-objc-arc"; }; };
		CE5FF9A71EC9C2D300191F4E /* Api.pbobjc.m in Sources */ = {isa = PBXBuildFile; fileRef = CE5FF96F1EC9C2D300191F4E /* Api.pbobjc.m */; settings = {COMPILER_FLAGS = "-fno-objc-arc"; }; };
		CE5FF9A81EC9C2D300191F4E /* Duration.pbobjc.m in Sources */ = {isa = PBXBuildFile; fileRef = CE5FF9711EC9C2D300191F4E /* Duration.pbobjc.m */; settings = {COMPILER_FLAGS = "-fno-objc-arc"; }; };
		CE5FF9A91EC9C2D300191F4E /* Empty.pbobjc.m in Sources */ = {isa = PBXBuildFile; fileRef = CE5FF9731EC9C2D300191F4E /* Empty.pbobjc.m */; settings = {COMPILER_FLAGS = "-fno-objc-arc"; }; };
		CE5FF9AA1EC9C2D300191F4E /* FieldMask.pbobjc.m in Sources */ = {isa = PBXBuildFile; fileRef = CE5FF9751EC9C2D300191F4E /* FieldMask.pbobjc.m */; settings = {COMPILER_FLAGS = "-fno-objc-arc"; }; };
		CE5FF9AB1EC9C2D300191F4E /* SourceContext.pbobjc.m in Sources */ = {isa = PBXBuildFile; fileRef = CE5FF9771EC9C2D300191F4E /* SourceContext.pbobjc.m */; settings = {COMPILER_FLAGS = "-fno-objc-arc"; }; };
		CE5FF9AC1EC9C2D300191F4E /* Struct.pbobjc.m in Sources */ = {isa = PBXBuildFile; fileRef = CE5FF9791EC9C2D300191F4E /* Struct.pbobjc.m */; settings = {COMPILER_FLAGS = "-fno-objc-arc"; }; };
		CE5FF9AD1EC9C2D300191F4E /* Timestamp.pbobjc.m in Sources */ = {isa = PBXBuildFile; fileRef = CE5FF97B1EC9C2D300191F4E /* Timestamp.pbobjc.m */; settings = {COMPILER_FLAGS = "-fno-objc-arc"; }; };
		CE5FF9AE1EC9C2D300191F4E /* Type.pbobjc.m in Sources */ = {isa = PBXBuildFile; fileRef = CE5FF97D1EC9C2D300191F4E /* Type.pbobjc.m */; settings = {COMPILER_FLAGS = "-fno-objc-arc"; }; };
		CE5FF9AF1EC9C2D300191F4E /* Wrappers.pbobjc.m in Sources */ = {isa = PBXBuildFile; fileRef = CE5FF97F1EC9C2D300191F4E /* Wrappers.pbobjc.m */; settings = {COMPILER_FLAGS = "-fno-objc-arc"; }; };
		CE5FF9B01EC9C2D300191F4E /* GPBProtocolBuffers.m in Sources */ = {isa = PBXBuildFile; fileRef = CE5FF9821EC9C2D300191F4E /* GPBProtocolBuffers.m */; settings = {COMPILER_FLAGS = "-fno-objc-arc"; }; };
		CE5FF9B11EC9C2D300191F4E /* GPBCodedInputStream.m in Sources */ = {isa = PBXBuildFile; fileRef = CE5FF9851EC9C2D300191F4E /* GPBCodedInputStream.m */; settings = {COMPILER_FLAGS = "-fno-objc-arc"; }; };
		CE5FF9B21EC9C2D300191F4E /* GPBCodedOutputStream.m in Sources */ = {isa = PBXBuildFile; fileRef = CE5FF9881EC9C2D300191F4E /* GPBCodedOutputStream.m */; settings = {COMPILER_FLAGS = "-fno-objc-arc"; }; };
		CE5FF9B31EC9C2D300191F4E /* GPBWireFormat.m in Sources */ = {isa = PBXBuildFile; fileRef = CE5FF98B1EC9C2D300191F4E /* GPBWireFormat.m */; settings = {COMPILER_FLAGS = "-fno-objc-arc"; }; };
		CE5FF9B41EC9C2D300191F4E /* GPBDescriptor.m in Sources */ = {isa = PBXBuildFile; fileRef = CE5FF98E1EC9C2D300191F4E /* GPBDescriptor.m */; settings = {COMPILER_FLAGS = "-fno-objc-arc"; }; };
		CE5FF9B51EC9C2D300191F4E /* GPBMessage.m in Sources */ = {isa = PBXBuildFile; fileRef = CE5FF9911EC9C2D300191F4E /* GPBMessage.m */; settings = {COMPILER_FLAGS = "-fno-objc-arc"; }; };
		CE5FF9B61EC9C2D300191F4E /* GPBArray.m in Sources */ = {isa = PBXBuildFile; fileRef = CE5FF9951EC9C2D300191F4E /* GPBArray.m */; settings = {COMPILER_FLAGS = "-fno-objc-arc"; }; };
		CE5FF9B71EC9C2D300191F4E /* GPBDictionary.m in Sources */ = {isa = PBXBuildFile; fileRef = CE5FF9991EC9C2D300191F4E /* GPBDictionary.m */; settings = {COMPILER_FLAGS = "-fno-objc-arc"; }; };
		CE5FF9B81EC9C2D300191F4E /* GPBUtilities.m in Sources */ = {isa = PBXBuildFile; fileRef = CE5FF99D1EC9C2D300191F4E /* GPBUtilities.m */; settings = {COMPILER_FLAGS = "-fno-objc-arc"; }; };
		CE5FF9B91EC9C2D300191F4E /* GPBWellKnownTypes.m in Sources */ = {isa = PBXBuildFile; fileRef = CE5FF9A01EC9C2D300191F4E /* GPBWellKnownTypes.m */; settings = {COMPILER_FLAGS = "-fno-objc-arc"; }; };
		CE5FF9BE1EC9C52600191F4E /* PersonDemo.pbobjc.m in Sources */ = {isa = PBXBuildFile; fileRef = CE5FF9BD1EC9C52600191F4E /* PersonDemo.pbobjc.m */; settings = {COMPILER_FLAGS = "-fno-objc-arc"; }; };
		CEABAFAA1ECAA17700E2B5E8 /* YBSocketClient.m in Sources */ = {isa = PBXBuildFile; fileRef = CEABAFA91ECAA17700E2B5E8 /* YBSocketClient.m */; };
		CEABAFB51ECAB83500E2B5E8 /* User.pbobjc.m in Sources */ = {isa = PBXBuildFile; fileRef = CEABAFB41ECAB83500E2B5E8 /* User.pbobjc.m */; settings = {COMPILER_FLAGS = "-fno-objc-arc"; }; };
		CEABAFB81ECABD1B00E2B5E8 /* data-1.bat in Resources */ = {isa = PBXBuildFile; fileRef = CEABAFB71ECABD1B00E2B5E8 /* data-1.bat */; };
		CEABAFBA1ECACEEB00E2B5E8 /* data.dat in Resources */ = {isa = PBXBuildFile; fileRef = CEABAFB91ECACEEB00E2B5E8 /* data.dat */; };
		DCAB3621C574922ADEFCF1C4 /* Pods_ProtolBuff.framework in Frameworks */ = {isa = PBXBuildFile; fileRef = 4861999A37D2CAE0ACA314AE /* Pods_ProtolBuff.framework */; };
/* End PBXBuildFile section */

/* Begin PBXContainerItemProxy section */
		CE5FF9401EC9C2AF00191F4E /* PBXContainerItemProxy */ = {
			isa = PBXContainerItemProxy;
			containerPortal = CE5FF91E1EC9C2AF00191F4E /* Project object */;
			proxyType = 1;
			remoteGlobalIDString = CE5FF9251EC9C2AF00191F4E;
			remoteInfo = ProtolBuff;
		};
		CE5FF94B1EC9C2AF00191F4E /* PBXContainerItemProxy */ = {
			isa = PBXContainerItemProxy;
			containerPortal = CE5FF91E1EC9C2AF00191F4E /* Project object */;
			proxyType = 1;
			remoteGlobalIDString = CE5FF9251EC9C2AF00191F4E;
			remoteInfo = ProtolBuff;
		};
/* End PBXContainerItemProxy section */

/* Begin PBXFileReference section */
		4861999A37D2CAE0ACA314AE /* Pods_ProtolBuff.framework */ = {isa = PBXFileReference; explicitFileType = wrapper.framework; includeInIndex = 0; path = Pods_ProtolBuff.framework; sourceTree = BUILT_PRODUCTS_DIR; };
		5FCCCA20250657C849336568 /* Pods-ProtolBuff.debug.xcconfig */ = {isa = PBXFileReference; includeInIndex = 1; lastKnownFileType = text.xcconfig; name = "Pods-ProtolBuff.debug.xcconfig"; path = "Pods/Target Support Files/Pods-ProtolBuff/Pods-ProtolBuff.debug.xcconfig"; sourceTree = "<group>"; };
		A4A64C0BCF1A80B17806C40B /* Pods-ProtolBuff.release.xcconfig */ = {isa = PBXFileReference; includeInIndex = 1; lastKnownFileType = text.xcconfig; name = "Pods-ProtolBuff.release.xcconfig"; path = "Pods/Target Support Files/Pods-ProtolBuff/Pods-ProtolBuff.release.xcconfig"; sourceTree = "<group>"; };
		CE5FF9261EC9C2AF00191F4E /* ProtolBuff.app */ = {isa = PBXFileReference; explicitFileType = wrapper.application; includeInIndex = 0; path = ProtolBuff.app; sourceTree = BUILT_PRODUCTS_DIR; };
		CE5FF92A1EC9C2AF00191F4E /* main.m */ = {isa = PBXFileReference; lastKnownFileType = sourcecode.c.objc; path = main.m; sourceTree = "<group>"; };
		CE5FF92C1EC9C2AF00191F4E /* AppDelegate.h */ = {isa = PBXFileReference; lastKnownFileType = sourcecode.c.h; path = AppDelegate.h; sourceTree = "<group>"; };
		CE5FF92D1EC9C2AF00191F4E /* AppDelegate.m */ = {isa = PBXFileReference; lastKnownFileType = sourcecode.c.objc; path = AppDelegate.m; sourceTree = "<group>"; };
		CE5FF92F1EC9C2AF00191F4E /* ViewController.h */ = {isa = PBXFileReference; lastKnownFileType = sourcecode.c.h; path = ViewController.h; sourceTree = "<group>"; };
		CE5FF9301EC9C2AF00191F4E /* ViewController.m */ = {isa = PBXFileReference; lastKnownFileType = sourcecode.c.objc; path = ViewController.m; sourceTree = "<group>"; };
		CE5FF9331EC9C2AF00191F4E /* Base */ = {isa = PBXFileReference; lastKnownFileType = file.storyboard; name = Base; path = Base.lproj/Main.storyboard; sourceTree = "<group>"; };
		CE5FF9351EC9C2AF00191F4E /* Assets.xcassets */ = {isa = PBXFileReference; lastKnownFileType = folder.assetcatalog; path = Assets.xcassets; sourceTree = "<group>"; };
		CE5FF9381EC9C2AF00191F4E /* Base */ = {isa = PBXFileReference; lastKnownFileType = file.storyboard; name = Base; path = Base.lproj/LaunchScreen.storyboard; sourceTree = "<group>"; };
		CE5FF93A1EC9C2AF00191F4E /* Info.plist */ = {isa = PBXFileReference; lastKnownFileType = text.plist.xml; path = Info.plist; sourceTree = "<group>"; };
		CE5FF93F1EC9C2AF00191F4E /* ProtolBuffTests.xctest */ = {isa = PBXFileReference; explicitFileType = wrapper.cfbundle; includeInIndex = 0; path = ProtolBuffTests.xctest; sourceTree = BUILT_PRODUCTS_DIR; };
		CE5FF9431EC9C2AF00191F4E /* ProtolBuffTests.m */ = {isa = PBXFileReference; lastKnownFileType = sourcecode.c.objc; path = ProtolBuffTests.m; sourceTree = "<group>"; };
		CE5FF9451EC9C2AF00191F4E /* Info.plist */ = {isa = PBXFileReference; lastKnownFileType = text.plist.xml; path = Info.plist; sourceTree = "<group>"; };
		CE5FF94A1EC9C2AF00191F4E /* ProtolBuffUITests.xctest */ = {isa = PBXFileReference; explicitFileType = wrapper.cfbundle; includeInIndex = 0; path = ProtolBuffUITests.xctest; sourceTree = BUILT_PRODUCTS_DIR; };
		CE5FF94E1EC9C2AF00191F4E /* ProtolBuffUITests.m */ = {isa = PBXFileReference; lastKnownFileType = sourcecode.c.objc; path = ProtolBuffUITests.m; sourceTree = "<group>"; };
		CE5FF9501EC9C2AF00191F4E /* Info.plist */ = {isa = PBXFileReference; lastKnownFileType = text.plist.xml; path = Info.plist; sourceTree = "<group>"; };
		CE5FF95D1EC9C2D300191F4E /* GPBExtensionInternals.h */ = {isa = PBXFileReference; fileEncoding = 4; lastKnownFileType = sourcecode.c.h; path = GPBExtensionInternals.h; sourceTree = "<group>"; };
		CE5FF95E1EC9C2D300191F4E /* GPBExtensionInternals.m */ = {isa = PBXFileReference; fileEncoding = 4; lastKnownFileType = sourcecode.c.objc; path = GPBExtensionInternals.m; sourceTree = "<group>"; };
		CE5FF95F1EC9C2D300191F4E /* GPBExtensionRegistry.h */ = {isa = PBXFileReference; fileEncoding = 4; lastKnownFileType = sourcecode.c.h; path = GPBExtensionRegistry.h; sourceTree = "<group>"; };
		CE5FF9601EC9C2D300191F4E /* GPBExtensionRegistry.m */ = {isa = PBXFileReference; fileEncoding = 4; lastKnownFileType = sourcecode.c.objc; path = GPBExtensionRegistry.m; sourceTree = "<group>"; };
		CE5FF9611EC9C2D300191F4E /* GPBRootObject.h */ = {isa = PBXFileReference; fileEncoding = 4; lastKnownFileType = sourcecode.c.h; path = GPBRootObject.h; sourceTree = "<group>"; };
		CE5FF9621EC9C2D300191F4E /* GPBRootObject.m */ = {isa = PBXFileReference; fileEncoding = 4; lastKnownFileType = sourcecode.c.objc; path = GPBRootObject.m; sourceTree = "<group>"; };
		CE5FF9631EC9C2D300191F4E /* GPBRootObject_PackagePrivate.h */ = {isa = PBXFileReference; fileEncoding = 4; lastKnownFileType = sourcecode.c.h; path = GPBRootObject_PackagePrivate.h; sourceTree = "<group>"; };
		CE5FF9651EC9C2D300191F4E /* GPBUnknownField.h */ = {isa = PBXFileReference; fileEncoding = 4; lastKnownFileType = sourcecode.c.h; path = GPBUnknownField.h; sourceTree = "<group>"; };
		CE5FF9661EC9C2D300191F4E /* GPBUnknownField.m */ = {isa = PBXFileReference; fileEncoding = 4; lastKnownFileType = sourcecode.c.objc; path = GPBUnknownField.m; sourceTree = "<group>"; };
		CE5FF9671EC9C2D300191F4E /* GPBUnknownField_PackagePrivate.h */ = {isa = PBXFileReference; fileEncoding = 4; lastKnownFileType = sourcecode.c.h; path = GPBUnknownField_PackagePrivate.h; sourceTree = "<group>"; };
		CE5FF9681EC9C2D300191F4E /* GPBUnknownFieldSet.h */ = {isa = PBXFileReference; fileEncoding = 4; lastKnownFileType = sourcecode.c.h; path = GPBUnknownFieldSet.h; sourceTree = "<group>"; };
		CE5FF9691EC9C2D300191F4E /* GPBUnknownFieldSet.m */ = {isa = PBXFileReference; fileEncoding = 4; lastKnownFileType = sourcecode.c.objc; path = GPBUnknownFieldSet.m; sourceTree = "<group>"; };
		CE5FF96A1EC9C2D300191F4E /* GPBUnknownFieldSet_PackagePrivate.h */ = {isa = PBXFileReference; fileEncoding = 4; lastKnownFileType = sourcecode.c.h; path = GPBUnknownFieldSet_PackagePrivate.h; sourceTree = "<group>"; };
		CE5FF96C1EC9C2D300191F4E /* Any.pbobjc.h */ = {isa = PBXFileReference; fileEncoding = 4; lastKnownFileType = sourcecode.c.h; path = Any.pbobjc.h; sourceTree = "<group>"; };
		CE5FF96D1EC9C2D300191F4E /* Any.pbobjc.m */ = {isa = PBXFileReference; fileEncoding = 4; lastKnownFileType = sourcecode.c.objc; path = Any.pbobjc.m; sourceTree = "<group>"; };
		CE5FF96E1EC9C2D300191F4E /* Api.pbobjc.h */ = {isa = PBXFileReference; fileEncoding = 4; lastKnownFileType = sourcecode.c.h; path = Api.pbobjc.h; sourceTree = "<group>"; };
		CE5FF96F1EC9C2D300191F4E /* Api.pbobjc.m */ = {isa = PBXFileReference; fileEncoding = 4; lastKnownFileType = sourcecode.c.objc; path = Api.pbobjc.m; sourceTree = "<group>"; };
		CE5FF9701EC9C2D300191F4E /* Duration.pbobjc.h */ = {isa = PBXFileReference; fileEncoding = 4; lastKnownFileType = sourcecode.c.h; path = Duration.pbobjc.h; sourceTree = "<group>"; };
		CE5FF9711EC9C2D300191F4E /* Duration.pbobjc.m */ = {isa = PBXFileReference; fileEncoding = 4; lastKnownFileType = sourcecode.c.objc; path = Duration.pbobjc.m; sourceTree = "<group>"; };
		CE5FF9721EC9C2D300191F4E /* Empty.pbobjc.h */ = {isa = PBXFileReference; fileEncoding = 4; lastKnownFileType = sourcecode.c.h; path = Empty.pbobjc.h; sourceTree = "<group>"; };
		CE5FF9731EC9C2D300191F4E /* Empty.pbobjc.m */ = {isa = PBXFileReference; fileEncoding = 4; lastKnownFileType = sourcecode.c.objc; path = Empty.pbobjc.m; sourceTree = "<group>"; };
		CE5FF9741EC9C2D300191F4E /* FieldMask.pbobjc.h */ = {isa = PBXFileReference; fileEncoding = 4; lastKnownFileType = sourcecode.c.h; path = FieldMask.pbobjc.h; sourceTree = "<group>"; };
		CE5FF9751EC9C2D300191F4E /* FieldMask.pbobjc.m */ = {isa = PBXFileReference; fileEncoding = 4; lastKnownFileType = sourcecode.c.objc; path = FieldMask.pbobjc.m; sourceTree = "<group>"; };
		CE5FF9761EC9C2D300191F4E /* SourceContext.pbobjc.h */ = {isa = PBXFileReference; fileEncoding = 4; lastKnownFileType = sourcecode.c.h; path = SourceContext.pbobjc.h; sourceTree = "<group>"; };
		CE5FF9771EC9C2D300191F4E /* SourceContext.pbobjc.m */ = {isa = PBXFileReference; fileEncoding = 4; lastKnownFileType = sourcecode.c.objc; path = SourceContext.pbobjc.m; sourceTree = "<group>"; };
		CE5FF9781EC9C2D300191F4E /* Struct.pbobjc.h */ = {isa = PBXFileReference; fileEncoding = 4; lastKnownFileType = sourcecode.c.h; path = Struct.pbobjc.h; sourceTree = "<group>"; };
		CE5FF9791EC9C2D300191F4E /* Struct.pbobjc.m */ = {isa = PBXFileReference; fileEncoding = 4; lastKnownFileType = sourcecode.c.objc; path = Struct.pbobjc.m; sourceTree = "<group>"; };
		CE5FF97A1EC9C2D300191F4E /* Timestamp.pbobjc.h */ = {isa = PBXFileReference; fileEncoding = 4; lastKnownFileType = sourcecode.c.h; path = Timestamp.pbobjc.h; sourceTree = "<group>"; };
		CE5FF97B1EC9C2D300191F4E /* Timestamp.pbobjc.m */ = {isa = PBXFileReference; fileEncoding = 4; lastKnownFileType = sourcecode.c.objc; path = Timestamp.pbobjc.m; sourceTree = "<group>"; };
		CE5FF97C1EC9C2D300191F4E /* Type.pbobjc.h */ = {isa = PBXFileReference; fileEncoding = 4; lastKnownFileType = sourcecode.c.h; path = Type.pbobjc.h; sourceTree = "<group>"; };
		CE5FF97D1EC9C2D300191F4E /* Type.pbobjc.m */ = {isa = PBXFileReference; fileEncoding = 4; lastKnownFileType = sourcecode.c.objc; path = Type.pbobjc.m; sourceTree = "<group>"; };
		CE5FF97E1EC9C2D300191F4E /* Wrappers.pbobjc.h */ = {isa = PBXFileReference; fileEncoding = 4; lastKnownFileType = sourcecode.c.h; path = Wrappers.pbobjc.h; sourceTree = "<group>"; };
		CE5FF97F1EC9C2D300191F4E /* Wrappers.pbobjc.m */ = {isa = PBXFileReference; fileEncoding = 4; lastKnownFileType = sourcecode.c.objc; path = Wrappers.pbobjc.m; sourceTree = "<group>"; };
		CE5FF9801EC9C2D300191F4E /* GPBProtocolBuffers_RuntimeSupport.h */ = {isa = PBXFileReference; fileEncoding = 4; lastKnownFileType = sourcecode.c.h; path = GPBProtocolBuffers_RuntimeSupport.h; sourceTree = "<group>"; };
		CE5FF9811EC9C2D300191F4E /* GPBProtocolBuffers.h */ = {isa = PBXFileReference; fileEncoding = 4; lastKnownFileType = sourcecode.c.h; path = GPBProtocolBuffers.h; sourceTree = "<group>"; };
		CE5FF9821EC9C2D300191F4E /* GPBProtocolBuffers.m */ = {isa = PBXFileReference; fileEncoding = 4; lastKnownFileType = sourcecode.c.objc; path = GPBProtocolBuffers.m; sourceTree = "<group>"; };
		CE5FF9841EC9C2D300191F4E /* GPBCodedInputStream.h */ = {isa = PBXFileReference; fileEncoding = 4; lastKnownFileType = sourcecode.c.h; path = GPBCodedInputStream.h; sourceTree = "<group>"; };
		CE5FF9851EC9C2D300191F4E /* GPBCodedInputStream.m */ = {isa = PBXFileReference; fileEncoding = 4; lastKnownFileType = sourcecode.c.objc; path = GPBCodedInputStream.m; sourceTree = "<group>"; };
		CE5FF9861EC9C2D300191F4E /* GPBCodedInputStream_PackagePrivate.h */ = {isa = PBXFileReference; fileEncoding = 4; lastKnownFileType = sourcecode.c.h; path = GPBCodedInputStream_PackagePrivate.h; sourceTree = "<group>"; };
		CE5FF9871EC9C2D300191F4E /* GPBCodedOutputStream.h */ = {isa = PBXFileReference; fileEncoding = 4; lastKnownFileType = sourcecode.c.h; path = GPBCodedOutputStream.h; sourceTree = "<group>"; };
		CE5FF9881EC9C2D300191F4E /* GPBCodedOutputStream.m */ = {isa = PBXFileReference; fileEncoding = 4; lastKnownFileType = sourcecode.c.objc; path = GPBCodedOutputStream.m; sourceTree = "<group>"; };
		CE5FF9891EC9C2D300191F4E /* GPBCodedOutputStream_PackagePrivate.h */ = {isa = PBXFileReference; fileEncoding = 4; lastKnownFileType = sourcecode.c.h; path = GPBCodedOutputStream_PackagePrivate.h; sourceTree = "<group>"; };
		CE5FF98A1EC9C2D300191F4E /* GPBWireFormat.h */ = {isa = PBXFileReference; fileEncoding = 4; lastKnownFileType = sourcecode.c.h; path = GPBWireFormat.h; sourceTree = "<group>"; };
		CE5FF98B1EC9C2D300191F4E /* GPBWireFormat.m */ = {isa = PBXFileReference; fileEncoding = 4; lastKnownFileType = sourcecode.c.objc; path = GPBWireFormat.m; sourceTree = "<group>"; };
		CE5FF98D1EC9C2D300191F4E /* GPBDescriptor.h */ = {isa = PBXFileReference; fileEncoding = 4; lastKnownFileType = sourcecode.c.h; path = GPBDescriptor.h; sourceTree = "<group>"; };
		CE5FF98E1EC9C2D300191F4E /* GPBDescriptor.m */ = {isa = PBXFileReference; fileEncoding = 4; lastKnownFileType = sourcecode.c.objc; path = GPBDescriptor.m; sourceTree = "<group>"; };
		CE5FF98F1EC9C2D300191F4E /* GPBDescriptor_PackagePrivate.h */ = {isa = PBXFileReference; fileEncoding = 4; lastKnownFileType = sourcecode.c.h; path = GPBDescriptor_PackagePrivate.h; sourceTree = "<group>"; };
		CE5FF9901EC9C2D300191F4E /* GPBMessage.h */ = {isa = PBXFileReference; fileEncoding = 4; lastKnownFileType = sourcecode.c.h; path = GPBMessage.h; sourceTree = "<group>"; };
		CE5FF9911EC9C2D300191F4E /* GPBMessage.m */ = {isa = PBXFileReference; fileEncoding = 4; lastKnownFileType = sourcecode.c.objc; path = GPBMessage.m; sourceTree = "<group>"; };
		CE5FF9921EC9C2D300191F4E /* GPBMessage_PackagePrivate.h */ = {isa = PBXFileReference; fileEncoding = 4; lastKnownFileType = sourcecode.c.h; path = GPBMessage_PackagePrivate.h; sourceTree = "<group>"; };
		CE5FF9941EC9C2D300191F4E /* GPBArray.h */ = {isa = PBXFileReference; fileEncoding = 4; lastKnownFileType = sourcecode.c.h; path = GPBArray.h; sourceTree = "<group>"; };
		CE5FF9951EC9C2D300191F4E /* GPBArray.m */ = {isa = PBXFileReference; fileEncoding = 4; lastKnownFileType = sourcecode.c.objc; path = GPBArray.m; sourceTree = "<group>"; };
		CE5FF9961EC9C2D300191F4E /* GPBArray_PackagePrivate.h */ = {isa = PBXFileReference; fileEncoding = 4; lastKnownFileType = sourcecode.c.h; path = GPBArray_PackagePrivate.h; sourceTree = "<group>"; };
		CE5FF9971EC9C2D300191F4E /* GPBBootstrap.h */ = {isa = PBXFileReference; fileEncoding = 4; lastKnownFileType = sourcecode.c.h; path = GPBBootstrap.h; sourceTree = "<group>"; };
		CE5FF9981EC9C2D300191F4E /* GPBDictionary.h */ = {isa = PBXFileReference; fileEncoding = 4; lastKnownFileType = sourcecode.c.h; path = GPBDictionary.h; sourceTree = "<group>"; };
		CE5FF9991EC9C2D300191F4E /* GPBDictionary.m */ = {isa = PBXFileReference; fileEncoding = 4; lastKnownFileType = sourcecode.c.objc; path = GPBDictionary.m; sourceTree = "<group>"; };
		CE5FF99A1EC9C2D300191F4E /* GPBDictionary_PackagePrivate.h */ = {isa = PBXFileReference; fileEncoding = 4; lastKnownFileType = sourcecode.c.h; path = GPBDictionary_PackagePrivate.h; sourceTree = "<group>"; };
		CE5FF99B1EC9C2D300191F4E /* GPBRuntimeTypes.h */ = {isa = PBXFileReference; fileEncoding = 4; lastKnownFileType = sourcecode.c.h; path = GPBRuntimeTypes.h; sourceTree = "<group>"; };
		CE5FF99C1EC9C2D300191F4E /* GPBUtilities.h */ = {isa = PBXFileReference; fileEncoding = 4; lastKnownFileType = sourcecode.c.h; path = GPBUtilities.h; sourceTree = "<group>"; };
		CE5FF99D1EC9C2D300191F4E /* GPBUtilities.m */ = {isa = PBXFileReference; fileEncoding = 4; lastKnownFileType = sourcecode.c.objc; path = GPBUtilities.m; sourceTree = "<group>"; };
		CE5FF99E1EC9C2D300191F4E /* GPBUtilities_PackagePrivate.h */ = {isa = PBXFileReference; fileEncoding = 4; lastKnownFileType = sourcecode.c.h; path = GPBUtilities_PackagePrivate.h; sourceTree = "<group>"; };
		CE5FF99F1EC9C2D300191F4E /* GPBWellKnownTypes.h */ = {isa = PBXFileReference; fileEncoding = 4; lastKnownFileType = sourcecode.c.h; path = GPBWellKnownTypes.h; sourceTree = "<group>"; };
		CE5FF9A01EC9C2D300191F4E /* GPBWellKnownTypes.m */ = {isa = PBXFileReference; fileEncoding = 4; lastKnownFileType = sourcecode.c.objc; path = GPBWellKnownTypes.m; sourceTree = "<group>"; };
		CE5FF9BB1EC9C51400191F4E /* PersonDemo.pbobjc.h */ = {isa = PBXFileReference; fileEncoding = 4; lastKnownFileType = sourcecode.c.h; path = PersonDemo.pbobjc.h; sourceTree = "<group>"; };
		CE5FF9BD1EC9C52600191F4E /* PersonDemo.pbobjc.m */ = {isa = PBXFileReference; fileEncoding = 4; lastKnownFileType = sourcecode.c.objc; path = PersonDemo.pbobjc.m; sourceTree = "<group>"; };
		CEABAFA81ECAA17700E2B5E8 /* YBSocketClient.h */ = {isa = PBXFileReference; fileEncoding = 4; lastKnownFileType = sourcecode.c.h; path = YBSocketClient.h; sourceTree = "<group>"; };
		CEABAFA91ECAA17700E2B5E8 /* YBSocketClient.m */ = {isa = PBXFileReference; fileEncoding = 4; lastKnownFileType = sourcecode.c.objc; path = YBSocketClient.m; sourceTree = "<group>"; };
		CEABAFB31ECAB83500E2B5E8 /* User.pbobjc.h */ = {isa = PBXFileReference; fileEncoding = 4; lastKnownFileType = sourcecode.c.h; path = User.pbobjc.h; sourceTree = "<group>"; };
		CEABAFB41ECAB83500E2B5E8 /* User.pbobjc.m */ = {isa = PBXFileReference; fileEncoding = 4; lastKnownFileType = sourcecode.c.objc; path = User.pbobjc.m; sourceTree = "<group>"; };
		CEABAFB61ECABC0D00E2B5E8 /* data.bat */ = {isa = PBXFileReference; lastKnownFileType = file; name = data.bat; path = Support/data.bat; sourceTree = "<group>"; };
		CEABAFB71ECABD1B00E2B5E8 /* data-1.bat */ = {isa = PBXFileReference; lastKnownFileType = file; path = "data-1.bat"; sourceTree = "<group>"; };
		CEABAFB91ECACEEB00E2B5E8 /* data.dat */ = {isa = PBXFileReference; lastKnownFileType = file; path = data.dat; sourceTree = "<group>"; };
/* End PBXFileReference section */

/* Begin PBXFrameworksBuildPhase section */
		CE5FF9231EC9C2AF00191F4E /* Frameworks */ = {
			isa = PBXFrameworksBuildPhase;
			buildActionMask = 2147483647;
			files = (
				DCAB3621C574922ADEFCF1C4 /* Pods_ProtolBuff.framework in Frameworks */,
			);
			runOnlyForDeploymentPostprocessing = 0;
		};
		CE5FF93C1EC9C2AF00191F4E /* Frameworks */ = {
			isa = PBXFrameworksBuildPhase;
			buildActionMask = 2147483647;
			files = (
			);
			runOnlyForDeploymentPostprocessing = 0;
		};
		CE5FF9471EC9C2AF00191F4E /* Frameworks */ = {
			isa = PBXFrameworksBuildPhase;
			buildActionMask = 2147483647;
			files = (
			);
			runOnlyForDeploymentPostprocessing = 0;
		};
/* End PBXFrameworksBuildPhase section */

/* Begin PBXGroup section */
		C10F85689A6E359316A71267 /* Frameworks */ = {
			isa = PBXGroup;
			children = (
				4861999A37D2CAE0ACA314AE /* Pods_ProtolBuff.framework */,
			);
			name = Frameworks;
			sourceTree = "<group>";
		};
		C2830DE2918F0D6EA71AB520 /* Pods */ = {
			isa = PBXGroup;
			children = (
				5FCCCA20250657C849336568 /* Pods-ProtolBuff.debug.xcconfig */,
				A4A64C0BCF1A80B17806C40B /* Pods-ProtolBuff.release.xcconfig */,
			);
			name = Pods;
			sourceTree = "<group>";
		};
		CE5FF91D1EC9C2AF00191F4E = {
			isa = PBXGroup;
			children = (
				CE5FF9281EC9C2AF00191F4E /* ProtolBuff */,
				CE5FF9421EC9C2AF00191F4E /* ProtolBuffTests */,
				CE5FF94D1EC9C2AF00191F4E /* ProtolBuffUITests */,
				CE5FF9271EC9C2AF00191F4E /* Products */,
				C2830DE2918F0D6EA71AB520 /* Pods */,
				C10F85689A6E359316A71267 /* Frameworks */,
			);
			sourceTree = "<group>";
		};
		CE5FF9271EC9C2AF00191F4E /* Products */ = {
			isa = PBXGroup;
			children = (
				CE5FF9261EC9C2AF00191F4E /* ProtolBuff.app */,
				CE5FF93F1EC9C2AF00191F4E /* ProtolBuffTests.xctest */,
				CE5FF94A1EC9C2AF00191F4E /* ProtolBuffUITests.xctest */,
			);
			name = Products;
			sourceTree = "<group>";
		};
		CE5FF9281EC9C2AF00191F4E /* ProtolBuff */ = {
			isa = PBXGroup;
			children = (
				CE5FF9801EC9C2D300191F4E /* GPBProtocolBuffers_RuntimeSupport.h */,
				CE5FF9811EC9C2D300191F4E /* GPBProtocolBuffers.h */,
				CE5FF9821EC9C2D300191F4E /* GPBProtocolBuffers.m */,
				CEABAFB31ECAB83500E2B5E8 /* User.pbobjc.h */,
				CEABAFB41ECAB83500E2B5E8 /* User.pbobjc.m */,
				CE5FF95C1EC9C2D300191F4E /* Extensions */,
				CE5FF9641EC9C2D300191F4E /* Fields */,
				CE5FF96B1EC9C2D300191F4E /* Generated */,
				CE5FF9831EC9C2D300191F4E /* IO */,
				CE5FF98C1EC9C2D300191F4E /* Messages */,
				CE5FF9931EC9C2D300191F4E /* Support */,
				CE5FF92C1EC9C2AF00191F4E /* AppDelegate.h */,
				CE5FF92D1EC9C2AF00191F4E /* AppDelegate.m */,
				CE5FF92F1EC9C2AF00191F4E /* ViewController.h */,
				CE5FF9301EC9C2AF00191F4E /* ViewController.m */,
				CEABAFB91ECACEEB00E2B5E8 /* data.dat */,
				CEABAFB71ECABD1B00E2B5E8 /* data-1.bat */,
				CEABAFB61ECABC0D00E2B5E8 /* data.bat */,
				CE5FF9321EC9C2AF00191F4E /* Main.storyboard */,
				CE5FF9351EC9C2AF00191F4E /* Assets.xcassets */,
				CE5FF9371EC9C2AF00191F4E /* LaunchScreen.storyboard */,
				CE5FF93A1EC9C2AF00191F4E /* Info.plist */,
				CE5FF9BD1EC9C52600191F4E /* PersonDemo.pbobjc.m */,
				CE5FF9BB1EC9C51400191F4E /* PersonDemo.pbobjc.h */,
				CE5FF9291EC9C2AF00191F4E /* Supporting Files */,
				CEABAFA81ECAA17700E2B5E8 /* YBSocketClient.h */,
				CEABAFA91ECAA17700E2B5E8 /* YBSocketClient.m */,
			);
			path = ProtolBuff;
			sourceTree = "<group>";
		};
		CE5FF9291EC9C2AF00191F4E /* Supporting Files */ = {
			isa = PBXGroup;
			children = (
				CE5FF92A1EC9C2AF00191F4E /* main.m */,
			);
			name = "Supporting Files";
			sourceTree = "<group>";
		};
		CE5FF9421EC9C2AF00191F4E /* ProtolBuffTests */ = {
			isa = PBXGroup;
			children = (
				CE5FF9431EC9C2AF00191F4E /* ProtolBuffTests.m */,
				CE5FF9451EC9C2AF00191F4E /* Info.plist */,
			);
			path = ProtolBuffTests;
			sourceTree = "<group>";
		};
		CE5FF94D1EC9C2AF00191F4E /* ProtolBuffUITests */ = {
			isa = PBXGroup;
			children = (
				CE5FF94E1EC9C2AF00191F4E /* ProtolBuffUITests.m */,
				CE5FF9501EC9C2AF00191F4E /* Info.plist */,
			);
			path = ProtolBuffUITests;
			sourceTree = "<group>";
		};
		CE5FF95C1EC9C2D300191F4E /* Extensions */ = {
			isa = PBXGroup;
			children = (
				CE5FF95D1EC9C2D300191F4E /* GPBExtensionInternals.h */,
				CE5FF95E1EC9C2D300191F4E /* GPBExtensionInternals.m */,
				CE5FF95F1EC9C2D300191F4E /* GPBExtensionRegistry.h */,
				CE5FF9601EC9C2D300191F4E /* GPBExtensionRegistry.m */,
				CE5FF9611EC9C2D300191F4E /* GPBRootObject.h */,
				CE5FF9621EC9C2D300191F4E /* GPBRootObject.m */,
				CE5FF9631EC9C2D300191F4E /* GPBRootObject_PackagePrivate.h */,
			);
			path = Extensions;
			sourceTree = "<group>";
		};
		CE5FF9641EC9C2D300191F4E /* Fields */ = {
			isa = PBXGroup;
			children = (
				CE5FF9651EC9C2D300191F4E /* GPBUnknownField.h */,
				CE5FF9661EC9C2D300191F4E /* GPBUnknownField.m */,
				CE5FF9671EC9C2D300191F4E /* GPBUnknownField_PackagePrivate.h */,
				CE5FF9681EC9C2D300191F4E /* GPBUnknownFieldSet.h */,
				CE5FF9691EC9C2D300191F4E /* GPBUnknownFieldSet.m */,
				CE5FF96A1EC9C2D300191F4E /* GPBUnknownFieldSet_PackagePrivate.h */,
			);
			path = Fields;
			sourceTree = "<group>";
		};
		CE5FF96B1EC9C2D300191F4E /* Generated */ = {
			isa = PBXGroup;
			children = (
				CE5FF96C1EC9C2D300191F4E /* Any.pbobjc.h */,
				CE5FF96D1EC9C2D300191F4E /* Any.pbobjc.m */,
				CE5FF96E1EC9C2D300191F4E /* Api.pbobjc.h */,
				CE5FF96F1EC9C2D300191F4E /* Api.pbobjc.m */,
				CE5FF9701EC9C2D300191F4E /* Duration.pbobjc.h */,
				CE5FF9711EC9C2D300191F4E /* Duration.pbobjc.m */,
				CE5FF9721EC9C2D300191F4E /* Empty.pbobjc.h */,
				CE5FF9731EC9C2D300191F4E /* Empty.pbobjc.m */,
				CE5FF9741EC9C2D300191F4E /* FieldMask.pbobjc.h */,
				CE5FF9751EC9C2D300191F4E /* FieldMask.pbobjc.m */,
				CE5FF9761EC9C2D300191F4E /* SourceContext.pbobjc.h */,
				CE5FF9771EC9C2D300191F4E /* SourceContext.pbobjc.m */,
				CE5FF9781EC9C2D300191F4E /* Struct.pbobjc.h */,
				CE5FF9791EC9C2D300191F4E /* Struct.pbobjc.m */,
				CE5FF97A1EC9C2D300191F4E /* Timestamp.pbobjc.h */,
				CE5FF97B1EC9C2D300191F4E /* Timestamp.pbobjc.m */,
				CE5FF97C1EC9C2D300191F4E /* Type.pbobjc.h */,
				CE5FF97D1EC9C2D300191F4E /* Type.pbobjc.m */,
				CE5FF97E1EC9C2D300191F4E /* Wrappers.pbobjc.h */,
				CE5FF97F1EC9C2D300191F4E /* Wrappers.pbobjc.m */,
			);
			path = Generated;
			sourceTree = "<group>";
		};
		CE5FF9831EC9C2D300191F4E /* IO */ = {
			isa = PBXGroup;
			children = (
				CE5FF9841EC9C2D300191F4E /* GPBCodedInputStream.h */,
				CE5FF9851EC9C2D300191F4E /* GPBCodedInputStream.m */,
				CE5FF9861EC9C2D300191F4E /* GPBCodedInputStream_PackagePrivate.h */,
				CE5FF9871EC9C2D300191F4E /* GPBCodedOutputStream.h */,
				CE5FF9881EC9C2D300191F4E /* GPBCodedOutputStream.m */,
				CE5FF9891EC9C2D300191F4E /* GPBCodedOutputStream_PackagePrivate.h */,
				CE5FF98A1EC9C2D300191F4E /* GPBWireFormat.h */,
				CE5FF98B1EC9C2D300191F4E /* GPBWireFormat.m */,
			);
			path = IO;
			sourceTree = "<group>";
		};
		CE5FF98C1EC9C2D300191F4E /* Messages */ = {
			isa = PBXGroup;
			children = (
				CE5FF98D1EC9C2D300191F4E /* GPBDescriptor.h */,
				CE5FF98E1EC9C2D300191F4E /* GPBDescriptor.m */,
				CE5FF98F1EC9C2D300191F4E /* GPBDescriptor_PackagePrivate.h */,
				CE5FF9901EC9C2D300191F4E /* GPBMessage.h */,
				CE5FF9911EC9C2D300191F4E /* GPBMessage.m */,
				CE5FF9921EC9C2D300191F4E /* GPBMessage_PackagePrivate.h */,
			);
			path = Messages;
			sourceTree = "<group>";
		};
		CE5FF9931EC9C2D300191F4E /* Support */ = {
			isa = PBXGroup;
			children = (
				CE5FF9941EC9C2D300191F4E /* GPBArray.h */,
				CE5FF9951EC9C2D300191F4E /* GPBArray.m */,
				CE5FF9961EC9C2D300191F4E /* GPBArray_PackagePrivate.h */,
				CE5FF9971EC9C2D300191F4E /* GPBBootstrap.h */,
				CE5FF9981EC9C2D300191F4E /* GPBDictionary.h */,
				CE5FF9991EC9C2D300191F4E /* GPBDictionary.m */,
				CE5FF99A1EC9C2D300191F4E /* GPBDictionary_PackagePrivate.h */,
				CE5FF99B1EC9C2D300191F4E /* GPBRuntimeTypes.h */,
				CE5FF99C1EC9C2D300191F4E /* GPBUtilities.h */,
				CE5FF99D1EC9C2D300191F4E /* GPBUtilities.m */,
				CE5FF99E1EC9C2D300191F4E /* GPBUtilities_PackagePrivate.h */,
				CE5FF99F1EC9C2D300191F4E /* GPBWellKnownTypes.h */,
				CE5FF9A01EC9C2D300191F4E /* GPBWellKnownTypes.m */,
			);
			path = Support;
			sourceTree = "<group>";
		};
/* End PBXGroup section */

/* Begin PBXNativeTarget section */
		CE5FF9251EC9C2AF00191F4E /* ProtolBuff */ = {
			isa = PBXNativeTarget;
			buildConfigurationList = CE5FF9531EC9C2AF00191F4E /* Build configuration list for PBXNativeTarget "ProtolBuff" */;
			buildPhases = (
				A76C9F74F33342C3FA688274 /* [CP] Check Pods Manifest.lock */,
				CE5FF9221EC9C2AF00191F4E /* Sources */,
				CE5FF9231EC9C2AF00191F4E /* Frameworks */,
				CE5FF9241EC9C2AF00191F4E /* Resources */,
				62E346B312DC870EF8E05D2C /* [CP] Embed Pods Frameworks */,
				FABDD1576883E37DBFA36E6F /* [CP] Copy Pods Resources */,
			);
			buildRules = (
			);
			dependencies = (
			);
			name = ProtolBuff;
			productName = ProtolBuff;
			productReference = CE5FF9261EC9C2AF00191F4E /* ProtolBuff.app */;
			productType = "com.apple.product-type.application";
		};
		CE5FF93E1EC9C2AF00191F4E /* ProtolBuffTests */ = {
			isa = PBXNativeTarget;
			buildConfigurationList = CE5FF9561EC9C2AF00191F4E /* Build configuration list for PBXNativeTarget "ProtolBuffTests" */;
			buildPhases = (
				CE5FF93B1EC9C2AF00191F4E /* Sources */,
				CE5FF93C1EC9C2AF00191F4E /* Frameworks */,
				CE5FF93D1EC9C2AF00191F4E /* Resources */,
			);
			buildRules = (
			);
			dependencies = (
				CE5FF9411EC9C2AF00191F4E /* PBXTargetDependency */,
			);
			name = ProtolBuffTests;
			productName = ProtolBuffTests;
			productReference = CE5FF93F1EC9C2AF00191F4E /* ProtolBuffTests.xctest */;
			productType = "com.apple.product-type.bundle.unit-test";
		};
		CE5FF9491EC9C2AF00191F4E /* ProtolBuffUITests */ = {
			isa = PBXNativeTarget;
			buildConfigurationList = CE5FF9591EC9C2AF00191F4E /* Build configuration list for PBXNativeTarget "ProtolBuffUITests" */;
			buildPhases = (
				CE5FF9461EC9C2AF00191F4E /* Sources */,
				CE5FF9471EC9C2AF00191F4E /* Frameworks */,
				CE5FF9481EC9C2AF00191F4E /* Resources */,
			);
			buildRules = (
			);
			dependencies = (
				CE5FF94C1EC9C2AF00191F4E /* PBXTargetDependency */,
			);
			name = ProtolBuffUITests;
			productName = ProtolBuffUITests;
			productReference = CE5FF94A1EC9C2AF00191F4E /* ProtolBuffUITests.xctest */;
			productType = "com.apple.product-type.bundle.ui-testing";
		};
/* End PBXNativeTarget section */

/* Begin PBXProject section */
		CE5FF91E1EC9C2AF00191F4E /* Project object */ = {
			isa = PBXProject;
			attributes = {
				LastUpgradeCheck = 0830;
				ORGANIZATIONNAME = yunbo;
				TargetAttributes = {
					CE5FF9251EC9C2AF00191F4E = {
						CreatedOnToolsVersion = 8.3.2;
						DevelopmentTeam = YWPXFG4SK3;
						ProvisioningStyle = Automatic;
					};
					CE5FF93E1EC9C2AF00191F4E = {
						CreatedOnToolsVersion = 8.3.2;
						DevelopmentTeam = YWPXFG4SK3;
						ProvisioningStyle = Automatic;
						TestTargetID = CE5FF9251EC9C2AF00191F4E;
					};
					CE5FF9491EC9C2AF00191F4E = {
						CreatedOnToolsVersion = 8.3.2;
						DevelopmentTeam = YWPXFG4SK3;
						ProvisioningStyle = Automatic;
						TestTargetID = CE5FF9251EC9C2AF00191F4E;
					};
				};
			};
			buildConfigurationList = CE5FF9211EC9C2AF00191F4E /* Build configuration list for PBXProject "ProtolBuff" */;
			compatibilityVersion = "Xcode 3.2";
			developmentRegion = English;
			hasScannedForEncodings = 0;
			knownRegions = (
				en,
				Base,
			);
			mainGroup = CE5FF91D1EC9C2AF00191F4E;
			productRefGroup = CE5FF9271EC9C2AF00191F4E /* Products */;
			projectDirPath = "";
			projectRoot = "";
			targets = (
				CE5FF9251EC9C2AF00191F4E /* ProtolBuff */,
				CE5FF93E1EC9C2AF00191F4E /* ProtolBuffTests */,
				CE5FF9491EC9C2AF00191F4E /* ProtolBuffUITests */,
			);
		};
/* End PBXProject section */

/* Begin PBXResourcesBuildPhase section */
		CE5FF9241EC9C2AF00191F4E /* Resources */ = {
			isa = PBXResourcesBuildPhase;
			buildActionMask = 2147483647;
			files = (
				CE5FF9391EC9C2AF00191F4E /* LaunchScreen.storyboard in Resources */,
				CE5FF9361EC9C2AF00191F4E /* Assets.xcassets in Resources */,
				CE5FF9341EC9C2AF00191F4E /* Main.storyboard in Resources */,
				CEABAFB81ECABD1B00E2B5E8 /* data-1.bat in Resources */,
				CEABAFBA1ECACEEB00E2B5E8 /* data.dat in Resources */,
			);
			runOnlyForDeploymentPostprocessing = 0;
		};
		CE5FF93D1EC9C2AF00191F4E /* Resources */ = {
			isa = PBXResourcesBuildPhase;
			buildActionMask = 2147483647;
			files = (
			);
			runOnlyForDeploymentPostprocessing = 0;
		};
		CE5FF9481EC9C2AF00191F4E /* Resources */ = {
			isa = PBXResourcesBuildPhase;
			buildActionMask = 2147483647;
			files = (
			);
			runOnlyForDeploymentPostprocessing = 0;
		};
/* End PBXResourcesBuildPhase section */

/* Begin PBXShellScriptBuildPhase section */
		62E346B312DC870EF8E05D2C /* [CP] Embed Pods Frameworks */ = {
			isa = PBXShellScriptBuildPhase;
			buildActionMask = 2147483647;
			files = (
			);
			inputPaths = (
			);
			name = "[CP] Embed Pods Frameworks";
			outputPaths = (
			);
			runOnlyForDeploymentPostprocessing = 0;
			shellPath = /bin/sh;
			shellScript = "\"${SRCROOT}/Pods/Target Support Files/Pods-ProtolBuff/Pods-ProtolBuff-frameworks.sh\"\n";
			showEnvVarsInLog = 0;
		};
		A76C9F74F33342C3FA688274 /* [CP] Check Pods Manifest.lock */ = {
			isa = PBXShellScriptBuildPhase;
			buildActionMask = 2147483647;
			files = (
			);
			inputPaths = (
			);
			name = "[CP] Check Pods Manifest.lock";
			outputPaths = (
			);
			runOnlyForDeploymentPostprocessing = 0;
			shellPath = /bin/sh;
			shellScript = "diff \"${PODS_PODFILE_DIR_PATH}/Podfile.lock\" \"${PODS_ROOT}/Manifest.lock\" > /dev/null\nif [ $? != 0 ] ; then\n    # print error to STDERR\n    echo \"error: The sandbox is not in sync with the Podfile.lock. Run 'pod install' or update your CocoaPods installation.\" >&2\n    exit 1\nfi\n";
			showEnvVarsInLog = 0;
		};
		FABDD1576883E37DBFA36E6F /* [CP] Copy Pods Resources */ = {
			isa = PBXShellScriptBuildPhase;
			buildActionMask = 2147483647;
			files = (
			);
			inputPaths = (
			);
			name = "[CP] Copy Pods Resources";
			outputPaths = (
			);
			runOnlyForDeploymentPostprocessing = 0;
			shellPath = /bin/sh;
			shellScript = "\"${SRCROOT}/Pods/Target Support Files/Pods-ProtolBuff/Pods-ProtolBuff-resources.sh\"\n";
			showEnvVarsInLog = 0;
		};
/* End PBXShellScriptBuildPhase section */

/* Begin PBXSourcesBuildPhase section */
		CE5FF9221EC9C2AF00191F4E /* Sources */ = {
			isa = PBXSourcesBuildPhase;
			buildActionMask = 2147483647;
			files = (
				CE5FF9A81EC9C2D300191F4E /* Duration.pbobjc.m in Sources */,
				CE5FF9A51EC9C2D300191F4E /* GPBUnknownFieldSet.m in Sources */,
				CE5FF9A91EC9C2D300191F4E /* Empty.pbobjc.m in Sources */,
				CEABAFB51ECAB83500E2B5E8 /* User.pbobjc.m in Sources */,
				CE5FF9A41EC9C2D300191F4E /* GPBUnknownField.m in Sources */,
				CEABAFAA1ECAA17700E2B5E8 /* YBSocketClient.m in Sources */,
				CE5FF9BE1EC9C52600191F4E /* PersonDemo.pbobjc.m in Sources */,
				CE5FF9A61EC9C2D300191F4E /* Any.pbobjc.m in Sources */,
				CE5FF9A11EC9C2D300191F4E /* GPBExtensionInternals.m in Sources */,
				CE5FF9311EC9C2AF00191F4E /* ViewController.m in Sources */,
				CE5FF9B41EC9C2D300191F4E /* GPBDescriptor.m in Sources */,
				CE5FF9A31EC9C2D300191F4E /* GPBRootObject.m in Sources */,
				CE5FF9B11EC9C2D300191F4E /* GPBCodedInputStream.m in Sources */,
				CE5FF9AA1EC9C2D300191F4E /* FieldMask.pbobjc.m in Sources */,
				CE5FF9B01EC9C2D300191F4E /* GPBProtocolBuffers.m in Sources */,
				CE5FF9B61EC9C2D300191F4E /* GPBArray.m in Sources */,
				CE5FF9B91EC9C2D300191F4E /* GPBWellKnownTypes.m in Sources */,
				CE5FF92E1EC9C2AF00191F4E /* AppDelegate.m in Sources */,
				CE5FF9B51EC9C2D300191F4E /* GPBMessage.m in Sources */,
				CE5FF9B81EC9C2D300191F4E /* GPBUtilities.m in Sources */,
				CE5FF9B21EC9C2D300191F4E /* GPBCodedOutputStream.m in Sources */,
				CE5FF9AE1EC9C2D300191F4E /* Type.pbobjc.m in Sources */,
				CE5FF9A71EC9C2D300191F4E /* Api.pbobjc.m in Sources */,
				CE5FF9AB1EC9C2D300191F4E /* SourceContext.pbobjc.m in Sources */,
				CE5FF9A21EC9C2D300191F4E /* GPBExtensionRegistry.m in Sources */,
				CE5FF9AF1EC9C2D300191F4E /* Wrappers.pbobjc.m in Sources */,
				CE5FF9B71EC9C2D300191F4E /* GPBDictionary.m in Sources */,
				CE5FF92B1EC9C2AF00191F4E /* main.m in Sources */,
				CE5FF9B31EC9C2D300191F4E /* GPBWireFormat.m in Sources */,
				CE5FF9AC1EC9C2D300191F4E /* Struct.pbobjc.m in Sources */,
				CE5FF9AD1EC9C2D300191F4E /* Timestamp.pbobjc.m in Sources */,
			);
			runOnlyForDeploymentPostprocessing = 0;
		};
		CE5FF93B1EC9C2AF00191F4E /* Sources */ = {
			isa = PBXSourcesBuildPhase;
			buildActionMask = 2147483647;
			files = (
				CE5FF9441EC9C2AF00191F4E /* ProtolBuffTests.m in Sources */,
			);
			runOnlyForDeploymentPostprocessing = 0;
		};
		CE5FF9461EC9C2AF00191F4E /* Sources */ = {
			isa = PBXSourcesBuildPhase;
			buildActionMask = 2147483647;
			files = (
				CE5FF94F1EC9C2AF00191F4E /* ProtolBuffUITests.m in Sources */,
			);
			runOnlyForDeploymentPostprocessing = 0;
		};
/* End PBXSourcesBuildPhase section */

/* Begin PBXTargetDependency section */
		CE5FF9411EC9C2AF00191F4E /* PBXTargetDependency */ = {
			isa = PBXTargetDependency;
			target = CE5FF9251EC9C2AF00191F4E /* ProtolBuff */;
			targetProxy = CE5FF9401EC9C2AF00191F4E /* PBXContainerItemProxy */;
		};
		CE5FF94C1EC9C2AF00191F4E /* PBXTargetDependency */ = {
			isa = PBXTargetDependency;
			target = CE5FF9251EC9C2AF00191F4E /* ProtolBuff */;
			targetProxy = CE5FF94B1EC9C2AF00191F4E /* PBXContainerItemProxy */;
		};
/* End PBXTargetDependency section */

/* Begin PBXVariantGroup section */
		CE5FF9321EC9C2AF00191F4E /* Main.storyboard */ = {
			isa = PBXVariantGroup;
			children = (
				CE5FF9331EC9C2AF00191F4E /* Base */,
			);
			name = Main.storyboard;
			sourceTree = "<group>";
		};
		CE5FF9371EC9C2AF00191F4E /* LaunchScreen.storyboard */ = {
			isa = PBXVariantGroup;
			children = (
				CE5FF9381EC9C2AF00191F4E /* Base */,
			);
			name = LaunchScreen.storyboard;
			sourceTree = "<group>";
		};
/* End PBXVariantGroup section */

/* Begin XCBuildConfiguration section */
		CE5FF9511EC9C2AF00191F4E /* Debug */ = {
			isa = XCBuildConfiguration;
			buildSettings = {
				ALWAYS_SEARCH_USER_PATHS = NO;
				CLANG_ANALYZER_NONNULL = YES;
				CLANG_ANALYZER_NUMBER_OBJECT_CONVERSION = YES_AGGRESSIVE;
				CLANG_CXX_LANGUAGE_STANDARD = "gnu++0x";
				CLANG_CXX_LIBRARY = "libc++";
				CLANG_ENABLE_MODULES = YES;
				CLANG_ENABLE_OBJC_ARC = YES;
				CLANG_WARN_BOOL_CONVERSION = YES;
				CLANG_WARN_CONSTANT_CONVERSION = YES;
				CLANG_WARN_DIRECT_OBJC_ISA_USAGE = YES_ERROR;
				CLANG_WARN_DOCUMENTATION_COMMENTS = YES;
				CLANG_WARN_EMPTY_BODY = YES;
				CLANG_WARN_ENUM_CONVERSION = YES;
				CLANG_WARN_INFINITE_RECURSION = YES;
				CLANG_WARN_INT_CONVERSION = YES;
				CLANG_WARN_OBJC_ROOT_CLASS = YES_ERROR;
				CLANG_WARN_SUSPICIOUS_MOVE = YES;
				CLANG_WARN_UNREACHABLE_CODE = YES;
				CLANG_WARN__DUPLICATE_METHOD_MATCH = YES;
				"CODE_SIGN_IDENTITY[sdk=iphoneos*]" = "iPhone Developer";
				COPY_PHASE_STRIP = NO;
				DEBUG_INFORMATION_FORMAT = dwarf;
				ENABLE_STRICT_OBJC_MSGSEND = YES;
				ENABLE_TESTABILITY = YES;
				GCC_C_LANGUAGE_STANDARD = gnu99;
				GCC_DYNAMIC_NO_PIC = NO;
				GCC_NO_COMMON_BLOCKS = YES;
				GCC_OPTIMIZATION_LEVEL = 0;
				GCC_PREPROCESSOR_DEFINITIONS = (
					"DEBUG=1",
					"$(inherited)",
				);
				GCC_WARN_64_TO_32_BIT_CONVERSION = YES;
				GCC_WARN_ABOUT_RETURN_TYPE = YES_ERROR;
				GCC_WARN_UNDECLARED_SELECTOR = YES;
				GCC_WARN_UNINITIALIZED_AUTOS = YES_AGGRESSIVE;
				GCC_WARN_UNUSED_FUNCTION = YES;
				GCC_WARN_UNUSED_VARIABLE = YES;
				IPHONEOS_DEPLOYMENT_TARGET = 10.3;
				MTL_ENABLE_DEBUG_INFO = YES;
				ONLY_ACTIVE_ARCH = YES;
				SDKROOT = iphoneos;
				TARGETED_DEVICE_FAMILY = "1,2";
			};
			name = Debug;
		};
		CE5FF9521EC9C2AF00191F4E /* Release */ = {
			isa = XCBuildConfiguration;
			buildSettings = {
				ALWAYS_SEARCH_USER_PATHS = NO;
				CLANG_ANALYZER_NONNULL = YES;
				CLANG_ANALYZER_NUMBER_OBJECT_CONVERSION = YES_AGGRESSIVE;
				CLANG_CXX_LANGUAGE_STANDARD = "gnu++0x";
				CLANG_CXX_LIBRARY = "libc++";
				CLANG_ENABLE_MODULES = YES;
				CLANG_ENABLE_OBJC_ARC = YES;
				CLANG_WARN_BOOL_CONVERSION = YES;
				CLANG_WARN_CONSTANT_CONVERSION = YES;
				CLANG_WARN_DIRECT_OBJC_ISA_USAGE = YES_ERROR;
				CLANG_WARN_DOCUMENTATION_COMMENTS = YES;
				CLANG_WARN_EMPTY_BODY = YES;
				CLANG_WARN_ENUM_CONVERSION = YES;
				CLANG_WARN_INFINITE_RECURSION = YES;
				CLANG_WARN_INT_CONVERSION = YES;
				CLANG_WARN_OBJC_ROOT_CLASS = YES_ERROR;
				CLANG_WARN_SUSPICIOUS_MOVE = YES;
				CLANG_WARN_UNREACHABLE_CODE = YES;
				CLANG_WARN__DUPLICATE_METHOD_MATCH = YES;
				"CODE_SIGN_IDENTITY[sdk=iphoneos*]" = "iPhone Developer";
				COPY_PHASE_STRIP = NO;
				DEBUG_INFORMATION_FORMAT = "dwarf-with-dsym";
				ENABLE_NS_ASSERTIONS = NO;
				ENABLE_STRICT_OBJC_MSGSEND = YES;
				GCC_C_LANGUAGE_STANDARD = gnu99;
				GCC_NO_COMMON_BLOCKS = YES;
				GCC_WARN_64_TO_32_BIT_CONVERSION = YES;
				GCC_WARN_ABOUT_RETURN_TYPE = YES_ERROR;
				GCC_WARN_UNDECLARED_SELECTOR = YES;
				GCC_WARN_UNINITIALIZED_AUTOS = YES_AGGRESSIVE;
				GCC_WARN_UNUSED_FUNCTION = YES;
				GCC_WARN_UNUSED_VARIABLE = YES;
				IPHONEOS_DEPLOYMENT_TARGET = 10.3;
				MTL_ENABLE_DEBUG_INFO = NO;
				SDKROOT = iphoneos;
				TARGETED_DEVICE_FAMILY = "1,2";
				VALIDATE_PRODUCT = YES;
			};
			name = Release;
		};
		CE5FF9541EC9C2AF00191F4E /* Debug */ = {
			isa = XCBuildConfiguration;
			baseConfigurationReference = 5FCCCA20250657C849336568 /* Pods-ProtolBuff.debug.xcconfig */;
			buildSettings = {
				ASSETCATALOG_COMPILER_APPICON_NAME = AppIcon;
				DEVELOPMENT_TEAM = YWPXFG4SK3;
				INFOPLIST_FILE = ProtolBuff/Info.plist;
				LD_RUNPATH_SEARCH_PATHS = "$(inherited) @executable_path/Frameworks";
				PRODUCT_BUNDLE_IDENTIFIER = com.yunbo.ProtolBuff;
				PRODUCT_NAME = "$(TARGET_NAME)";
				USER_HEADER_SEARCH_PATHS = "$(SRCROOT)/**";
			};
			name = Debug;
		};
		CE5FF9551EC9C2AF00191F4E /* Release */ = {
			isa = XCBuildConfiguration;
			baseConfigurationReference = A4A64C0BCF1A80B17806C40B /* Pods-ProtolBuff.release.xcconfig */;
			buildSettings = {
				ASSETCATALOG_COMPILER_APPICON_NAME = AppIcon;
				DEVELOPMENT_TEAM = YWPXFG4SK3;
				INFOPLIST_FILE = ProtolBuff/Info.plist;
				LD_RUNPATH_SEARCH_PATHS = "$(inherited) @executable_path/Frameworks";
				PRODUCT_BUNDLE_IDENTIFIER = com.yunbo.ProtolBuff;
				PRODUCT_NAME = "$(TARGET_NAME)";
				USER_HEADER_SEARCH_PATHS = "$(SRCROOT)/**";
			};
			name = Release;
		};
		CE5FF9571EC9C2AF00191F4E /* Debug */ = {
			isa = XCBuildConfiguration;
			buildSettings = {
				BUNDLE_LOADER = "$(TEST_HOST)";
				DEVELOPMENT_TEAM = YWPXFG4SK3;
				INFOPLIST_FILE = ProtolBuffTests/Info.plist;
				LD_RUNPATH_SEARCH_PATHS = "$(inherited) @executable_path/Frameworks @loader_path/Frameworks";
				PRODUCT_BUNDLE_IDENTIFIER = com.yunbo.ProtolBuffTests;
				PRODUCT_NAME = "$(TARGET_NAME)";
				TEST_HOST = "$(BUILT_PRODUCTS_DIR)/ProtolBuff.app/ProtolBuff";
			};
			name = Debug;
		};
		CE5FF9581EC9C2AF00191F4E /* Release */ = {
			isa = XCBuildConfiguration;
			buildSettings = {
				BUNDLE_LOADER = "$(TEST_HOST)";
				DEVELOPMENT_TEAM = YWPXFG4SK3;
				INFOPLIST_FILE = ProtolBuffTests/Info.plist;
				LD_RUNPATH_SEARCH_PATHS = "$(inherited) @executable_path/Frameworks @loader_path/Frameworks";
				PRODUCT_BUNDLE_IDENTIFIER = com.yunbo.ProtolBuffTests;
				PRODUCT_NAME = "$(TARGET_NAME)";
				TEST_HOST = "$(BUILT_PRODUCTS_DIR)/ProtolBuff.app/ProtolBuff";
			};
			name = Release;
		};
		CE5FF95A1EC9C2AF00191F4E /* Debug */ = {
			isa = XCBuildConfiguration;
			buildSettings = {
				DEVELOPMENT_TEAM = YWPXFG4SK3;
				INFOPLIST_FILE = ProtolBuffUITests/Info.plist;
				LD_RUNPATH_SEARCH_PATHS = "$(inherited) @executable_path/Frameworks @loader_path/Frameworks";
				PRODUCT_BUNDLE_IDENTIFIER = com.yunbo.ProtolBuffUITests;
				PRODUCT_NAME = "$(TARGET_NAME)";
				TEST_TARGET_NAME = ProtolBuff;
			};
			name = Debug;
		};
		CE5FF95B1EC9C2AF00191F4E /* Release */ = {
			isa = XCBuildConfiguration;
			buildSettings = {
				DEVELOPMENT_TEAM = YWPXFG4SK3;
				INFOPLIST_FILE = ProtolBuffUITests/Info.plist;
				LD_RUNPATH_SEARCH_PATHS = "$(inherited) @executable_path/Frameworks @loader_path/Frameworks";
				PRODUCT_BUNDLE_IDENTIFIER = com.yunbo.ProtolBuffUITests;
				PRODUCT_NAME = "$(TARGET_NAME)";
				TEST_TARGET_NAME = ProtolBuff;
			};
			name = Release;
		};
/* End XCBuildConfiguration section */

/* Begin XCConfigurationList section */
		CE5FF9211EC9C2AF00191F4E /* Build configuration list for PBXProject "ProtolBuff" */ = {
			isa = XCConfigurationList;
			buildConfigurations = (
				CE5FF9511EC9C2AF00191F4E /* Debug */,
				CE5FF9521EC9C2AF00191F4E /* Release */,
			);
			defaultConfigurationIsVisible = 0;
			defaultConfigurationName = Release;
		};
		CE5FF9531EC9C2AF00191F4E /* Build configuration list for PBXNativeTarget "ProtolBuff" */ = {
			isa = XCConfigurationList;
			buildConfigurations = (
				CE5FF9541EC9C2AF00191F4E /* Debug */,
				CE5FF9551EC9C2AF00191F4E /* Release */,
			);
			defaultConfigurationIsVisible = 0;
			defaultConfigurationName = Release;
		};
		CE5FF9561EC9C2AF00191F4E /* Build configuration list for PBXNativeTarget "ProtolBuffTests" */ = {
			isa = XCConfigurationList;
			buildConfigurations = (
				CE5FF9571EC9C2AF00191F4E /* Debug */,
				CE5FF9581EC9C2AF00191F4E /* Release */,
			);
			defaultConfigurationIsVisible = 0;
			defaultConfigurationName = Release;
		};
		CE5FF9591EC9C2AF00191F4E /* Build configuration list for PBXNativeTarget "ProtolBuffUITests" */ = {
			isa = XCConfigurationList;
			buildConfigurations = (
				CE5FF95A1EC9C2AF00191F4E /* Debug */,
				CE5FF95B1EC9C2AF00191F4E /* Release */,
			);
			defaultConfigurationIsVisible = 0;
			defaultConfigurationName = Release;
		};
/* End XCConfigurationList section */
	};
	rootObject = CE5FF91E1EC9C2AF00191F4E /* Project object */;
}
